<?xml version="1.0" encoding="utf-8"?>
<Project ToolsVersion="16.0" xmlns="http://schemas.microsoft.com/developer/msbuild/2003">
  <ItemGroup>
    <ClCompile Include="C:\Users\Benjie\source\repos\Benjie-E\Bank\main.cpp">
      <Filter>Source Files</Filter>
    </ClCompile>
    <ClCompile Include="C:\Users\Benjie\source\repos\Benjie-E\Bank\tellers.cpp">
      <Filter>Source Files</Filter>
    </ClCompile>
    <ClCompile Include="C:\Users\Benjie\source\repos\Benjie-E\Bank\accounts.cpp">
      <Filter>Source Files</Filter>
    </ClCompile>
    <ClCompile Include="C:\Users\Benjie\source\repos\Benjie-E\Bank\ui.cpp">
      <Filter>Source Files</Filter>
    </ClCompile>
    <ClCompile Include="C:\Users\Benjie\source\repos\Benjie-E\Bank\transaction.cpp">
      <Filter>Source Files</Filter>
    </ClCompile>
  </ItemGroup>
  <ItemGroup>
    <CustomBuild Include="C:\Users\Benjie\source\repos\Benjie-E\Bank\CMakeLists.txt" />
  </ItemGroup>
  <ItemGroup>
    <Filter Include="Source Files">
      <UniqueIdentifier>{9BF051D4-1B07-3256-9BEA-76F4B3D8D2D0}</UniqueIdentifier>
    </Filter>
  </ItemGroup>
</Project>
